
Microsoft Visual Studio Solution File, Format Version 12.00
Project("{FAE04EC0-301F-11D3-BF4B-00C04F79EFBC}") = "Domain", "Domain\Domain.csproj", "{1FE91F24-BB53-4884-81B2-F88998156CBE}"
EndProject
Project("{FAE04EC0-301F-11D3-BF4B-00C04F79EFBC}") = "Application", "Application\Application.csproj", "{F3CE0368-1440-468A-B566-9407F241801C}"
EndProject
Project("{FAE04EC0-301F-11D3-BF4B-00C04F79EFBC}") = "Infrastructure", "Infrastructure\Infrastructure.csproj", "{98026B6F-0FBF-40B8-BB59-7BE8C7A3762A}"
EndProject
Project("{FAE04EC0-301F-11D3-BF4B-00C04F79EFBC}") = "API", "API\API.csproj", "{D0D3A641-7D56-44E1-93F0-84688F8933E3}"
EndProject
Global
	GlobalSection(SolutionConfigurationPlatforms) = preSolution
		Debug|Any CPU = Debug|Any CPU
		Release|Any CPU = Release|Any CPU
	EndGlobalSection
	GlobalSection(ProjectConfigurationPlatforms) = postSolution
		{1FE91F24-BB53-4884-81B2-F88998156CBE}.Debug|Any CPU.ActiveCfg = Debug|Any CPU
		{1FE91F24-BB53-4884-81B2-F88998156CBE}.Debug|Any CPU.Build.0 = Debug|Any CPU
		{1FE91F24-BB53-4884-81B2-F88998156CBE}.Release|Any CPU.ActiveCfg = Release|Any CPU
		{1FE91F24-BB53-4884-81B2-F88998156CBE}.Release|Any CPU.Build.0 = Release|Any CPU
		{F3CE0368-1440-468A-B566-9407F241801C}.Debug|Any CPU.ActiveCfg = Debug|Any CPU
		{F3CE0368-1440-468A-B566-9407F241801C}.Debug|Any CPU.Build.0 = Debug|Any CPU
		{F3CE0368-1440-468A-B566-9407F241801C}.Release|Any CPU.ActiveCfg = Release|Any CPU
		{F3CE0368-1440-468A-B566-9407F241801C}.Release|Any CPU.Build.0 = Release|Any CPU
		{98026B6F-0FBF-40B8-BB59-7BE8C7A3762A}.Debug|Any CPU.ActiveCfg = Debug|Any CPU
		{98026B6F-0FBF-40B8-BB59-7BE8C7A3762A}.Debug|Any CPU.Build.0 = Debug|Any CPU
		{98026B6F-0FBF-40B8-BB59-7BE8C7A3762A}.Release|Any CPU.ActiveCfg = Release|Any CPU
		{98026B6F-0FBF-40B8-BB59-7BE8C7A3762A}.Release|Any CPU.Build.0 = Release|Any CPU
		{D0D3A641-7D56-44E1-93F0-84688F8933E3}.Debug|Any CPU.ActiveCfg = Debug|Any CPU
		{D0D3A641-7D56-44E1-93F0-84688F8933E3}.Debug|Any CPU.Build.0 = Debug|Any CPU
		{D0D3A641-7D56-44E1-93F0-84688F8933E3}.Release|Any CPU.ActiveCfg = Release|Any CPU
		{D0D3A641-7D56-44E1-93F0-84688F8933E3}.Release|Any CPU.Build.0 = Release|Any CPU
	EndGlobalSection
EndGlobal
